
Microsoft Visual Studio Solution File, Format Version 12.00
# Visual Studio Version 16
VisualStudioVersion = 16.0.30717.126
MinimumVisualStudioVersion = 10.0.40219.1
Project("{FAE04EC0-301F-11D3-BF4B-00C04F79EFBC}") = "TweetMiner", "TweetMiner.csproj", "{C6744761-5F1C-479B-B9A1-0DD903C307B1}"
EndProject
Global
	GlobalSection(SolutionConfigurationPlatforms) = preSolution
		Debug|Any CPU = Debug|Any CPU
		Release|Any CPU = Release|Any CPU
	EndGlobalSection
	GlobalSection(ProjectConfigurationPlatforms) = postSolution
		{C6744761-5F1C-479B-B9A1-0DD903C307B1}.Debug|Any CPU.ActiveCfg = Debug|Any CPU
		{C6744761-5F1C-479B-B9A1-0DD903C307B1}.Debug|Any CPU.Build.0 = Debug|Any CPU
		{C6744761-5F1C-479B-B9A1-0DD903C307B1}.Release|Any CPU.ActiveCfg = Release|Any CPU
		{C6744761-5F1C-479B-B9A1-0DD903C307B1}.Release|Any CPU.Build.0 = Release|Any CPU
	EndGlobalSection
	GlobalSection(SolutionProperties) = preSolution
		HideSolutionNode = FALSE
	EndGlobalSection
	GlobalSection(ExtensibilityGlobals) = postSolution
		SolutionGuid = {4EC0FE38-038E-4C51-A046-618DEDC9BB22}
	EndGlobalSection
EndGlobal
